
Microsoft Visual Studio Solution File, Format Version 10.00
# Visual Studio 2008
Project("{FAE04EC0-301F-11D3-BF4B-00C04F79EFBC}") = "InvertElli", "InvertElli\InvertElli.csproj", "{9BF3BC1F-A7AC-45D1-ADCF-86BF7D131CF6}"
	ProjectSection(ProjectDependencies) = postProject
		{9CC21139-C829-4B3A-9435-13EE41C90075} = {9CC21139-C829-4B3A-9435-13EE41C90075}
		{15D22A9A-0135-44F2-A8B2-A6A86659E13C} = {15D22A9A-0135-44F2-A8B2-A6A86659E13C}
	EndProjectSection
EndProject
Project("{FAE04EC0-301F-11D3-BF4B-00C04F79EFBC}") = "InvertEllipsometryClass", "InvertEllipsometryClass\InvertEllipsometryClass.csproj", "{15D22A9A-0135-44F2-A8B2-A6A86659E13C}"
	ProjectSection(ProjectDependencies) = postProject
		{9CC21139-C829-4B3A-9435-13EE41C90075} = {9CC21139-C829-4B3A-9435-13EE41C90075}
	EndProjectSection
EndProject
Project("{FAE04EC0-301F-11D3-BF4B-00C04F79EFBC}") = "ComplexMath", "..\ComplexMath2\ComplexMath\ComplexMath\ComplexMath.csproj", "{9CC21139-C829-4B3A-9435-13EE41C90075}"
EndProject
Project("{FAE04EC0-301F-11D3-BF4B-00C04F79EFBC}") = "FieldsConnector", "FieldsConnector\FieldsConnector.csproj", "{5027FCA2-5B26-441B-BCEA-A2BE1638E4C9}"
EndProject
Project("{FAE04EC0-301F-11D3-BF4B-00C04F79EFBC}") = "Graphics", "Graphics\Graphics.csproj", "{A7F13E8B-4D80-4938-BAD8-408DB1D797DF}"
EndProject
Project("{FAE04EC0-301F-11D3-BF4B-00C04F79EFBC}") = "EllipsometryPresentation", "EllipsometryPresentation\EllipsometryPresentation.csproj", "{938BA293-54F7-413E-BAA6-DFB70BB4D786}"
EndProject
Global
	GlobalSection(SolutionConfigurationPlatforms) = preSolution
		Debug|Any CPU = Debug|Any CPU
		Release|Any CPU = Release|Any CPU
	EndGlobalSection
	GlobalSection(ProjectConfigurationPlatforms) = postSolution
		{9BF3BC1F-A7AC-45D1-ADCF-86BF7D131CF6}.Debug|Any CPU.ActiveCfg = Debug|Any CPU
		{9BF3BC1F-A7AC-45D1-ADCF-86BF7D131CF6}.Debug|Any CPU.Build.0 = Debug|Any CPU
		{9BF3BC1F-A7AC-45D1-ADCF-86BF7D131CF6}.Release|Any CPU.ActiveCfg = Release|Any CPU
		{9BF3BC1F-A7AC-45D1-ADCF-86BF7D131CF6}.Release|Any CPU.Build.0 = Release|Any CPU
		{15D22A9A-0135-44F2-A8B2-A6A86659E13C}.Debug|Any CPU.ActiveCfg = Debug|Any CPU
		{15D22A9A-0135-44F2-A8B2-A6A86659E13C}.Debug|Any CPU.Build.0 = Debug|Any CPU
		{15D22A9A-0135-44F2-A8B2-A6A86659E13C}.Release|Any CPU.ActiveCfg = Release|Any CPU
		{15D22A9A-0135-44F2-A8B2-A6A86659E13C}.Release|Any CPU.Build.0 = Release|Any CPU
		{9CC21139-C829-4B3A-9435-13EE41C90075}.Debug|Any CPU.ActiveCfg = Debug|Any CPU
		{9CC21139-C829-4B3A-9435-13EE41C90075}.Debug|Any CPU.Build.0 = Debug|Any CPU
		{9CC21139-C829-4B3A-9435-13EE41C90075}.Release|Any CPU.ActiveCfg = Release|Any CPU
		{9CC21139-C829-4B3A-9435-13EE41C90075}.Release|Any CPU.Build.0 = Release|Any CPU
		{5027FCA2-5B26-441B-BCEA-A2BE1638E4C9}.Debug|Any CPU.ActiveCfg = Debug|Any CPU
		{5027FCA2-5B26-441B-BCEA-A2BE1638E4C9}.Debug|Any CPU.Build.0 = Debug|Any CPU
		{5027FCA2-5B26-441B-BCEA-A2BE1638E4C9}.Release|Any CPU.ActiveCfg = Release|Any CPU
		{5027FCA2-5B26-441B-BCEA-A2BE1638E4C9}.Release|Any CPU.Build.0 = Release|Any CPU
		{A7F13E8B-4D80-4938-BAD8-408DB1D797DF}.Debug|Any CPU.ActiveCfg = Debug|Any CPU
		{A7F13E8B-4D80-4938-BAD8-408DB1D797DF}.Debug|Any CPU.Build.0 = Debug|Any CPU
		{A7F13E8B-4D80-4938-BAD8-408DB1D797DF}.Release|Any CPU.ActiveCfg = Release|Any CPU
		{A7F13E8B-4D80-4938-BAD8-408DB1D797DF}.Release|Any CPU.Build.0 = Release|Any CPU
		{938BA293-54F7-413E-BAA6-DFB70BB4D786}.Debug|Any CPU.ActiveCfg = Debug|Any CPU
		{938BA293-54F7-413E-BAA6-DFB70BB4D786}.Debug|Any CPU.Build.0 = Debug|Any CPU
		{938BA293-54F7-413E-BAA6-DFB70BB4D786}.Release|Any CPU.ActiveCfg = Release|Any CPU
		{938BA293-54F7-413E-BAA6-DFB70BB4D786}.Release|Any CPU.Build.0 = Release|Any CPU
	EndGlobalSection
	GlobalSection(SolutionProperties) = preSolution
		HideSolutionNode = FALSE
	EndGlobalSection
EndGlobal
